
Microsoft Visual Studio Solution File, Format Version 12.00
# Visual Studio Version 16
VisualStudioVersion = 16.0.30517.126
MinimumVisualStudioVersion = 10.0.40219.1
Project("{FAE04EC0-301F-11D3-BF4B-00C04F79EFBC}") = "Lab01", "Lab01.csproj", "{CEEAC0EF-AB85-42AB-847D-173FC7E7A685}"
EndProject
Global
	GlobalSection(SolutionConfigurationPlatforms) = preSolution
		Debug|Any CPU = Debug|Any CPU
		Release|Any CPU = Release|Any CPU
	EndGlobalSection
	GlobalSection(ProjectConfigurationPlatforms) = postSolution
		{CEEAC0EF-AB85-42AB-847D-173FC7E7A685}.Debug|Any CPU.ActiveCfg = Debug|Any CPU
		{CEEAC0EF-AB85-42AB-847D-173FC7E7A685}.Debug|Any CPU.Build.0 = Debug|Any CPU
		{CEEAC0EF-AB85-42AB-847D-173FC7E7A685}.Release|Any CPU.ActiveCfg = Release|Any CPU
		{CEEAC0EF-AB85-42AB-847D-173FC7E7A685}.Release|Any CPU.Build.0 = Release|Any CPU
	EndGlobalSection
	GlobalSection(SolutionProperties) = preSolution
		HideSolutionNode = FALSE
	EndGlobalSection
	GlobalSection(ExtensibilityGlobals) = postSolution
		SolutionGuid = {E42BEE92-D7A5-4447-87DB-F3AB123126B0}
	EndGlobalSection
EndGlobal
